
Microsoft Visual Studio Solution File, Format Version 12.00
# Visual Studio Version 16
VisualStudioVersion = 16.0.31112.23
MinimumVisualStudioVersion = 10.0.40219.1
Project("{8BC9CEB8-8B4A-11D0-8D11-00A0C91BC942}") = "rEFInd-boot-switch", "rEFInd-boot-switch\rEFInd-boot-switch.vcxproj", "{5207A02D-1187-4994-82A6-15E8D7F3291F}"
EndProject
Global
	GlobalSection(SolutionConfigurationPlatforms) = preSolution
		Debug|x64 = Debug|x64
		Debug|x86 = Debug|x86
		Release|x64 = Release|x64
		Release|x86 = Release|x86
	EndGlobalSection
	GlobalSection(ProjectConfigurationPlatforms) = postSolution
		{5207A02D-1187-4994-82A6-15E8D7F3291F}.Debug|x64.ActiveCfg = Debug|x64
		{5207A02D-1187-4994-82A6-15E8D7F3291F}.Debug|x64.Build.0 = Debug|x64
		{5207A02D-1187-4994-82A6-15E8D7F3291F}.Debug|x86.ActiveCfg = Debug|Win32
		{5207A02D-1187-4994-82A6-15E8D7F3291F}.Debug|x86.Build.0 = Debug|Win32
		{5207A02D-1187-4994-82A6-15E8D7F3291F}.Release|x64.ActiveCfg = Release|x64
		{5207A02D-1187-4994-82A6-15E8D7F3291F}.Release|x64.Build.0 = Release|x64
		{5207A02D-1187-4994-82A6-15E8D7F3291F}.Release|x86.ActiveCfg = Release|Win32
		{5207A02D-1187-4994-82A6-15E8D7F3291F}.Release|x86.Build.0 = Release|Win32
	EndGlobalSection
	GlobalSection(SolutionProperties) = preSolution
		HideSolutionNode = FALSE
	EndGlobalSection
	GlobalSection(ExtensibilityGlobals) = postSolution
		SolutionGuid = {CB1AC7F7-E6D5-40EF-B2D2-7CA9D5596F57}
	EndGlobalSection
EndGlobal
